PODS:
  - Flutter (1.0.0)
  - native_opencv (0.0.1):
    - Flutter

DEPENDENCIES:
  - Flutter (from `Flutter`)
  - native_opencv (from `.symlinks/plugins/native_opencv/ios`)

EXTERNAL SOURCES:
  Flutter:
    :path: Flutter
  native_opencv:
    :path: ".symlinks/plugins/native_opencv/ios"

SPEC CHECKSUMS:
  Flutter: f04841e97a9d0b0a8025694d0796dd46242b2854
  native_opencv: 5e76621cb205ad08d36470b4707387c311148274

PODFILE CHECKSUM: ef19549a9bc3046e7bb7d2fab4d021637c0c58a3

COCOAPODS: 1.11.2
